// !$*UTF8*$!
{
	archiveVersion = 1;
	classes = {
	};
	objectVersion = 48;
	objects = {

/* Begin PBXBuildFile section */
		EF623852200EFD3B00D1B054 /* AppDelegate.swift in Sources */ = {isa = PBXBuildFile; fileRef = EF623851200EFD3B00D1B054 /* AppDelegate.swift */; };
		EF623854200EFD3B00D1B054 /* WeatherViewController.swift in Sources */ = {isa = PBXBuildFile; fileRef = EF623853200EFD3B00D1B054 /* WeatherViewController.swift */; };
		EF623857200EFD3B00D1B054 /* Main.storyboard in Resources */ = {isa = PBXBuildFile; fileRef = EF623855200EFD3B00D1B054 /* Main.storyboard */; };
		EF623859200EFD3B00D1B054 /* Assets.xcassets in Resources */ = {isa = PBXBuildFile; fileRef = EF623858200EFD3B00D1B054 /* Assets.xcassets */; };
		EF623867200EFD8600D1B054 /* WeatherDataModel.swift in Sources */ = {isa = PBXBuildFile; fileRef = EF623866200EFD8600D1B054 /* WeatherDataModel.swift */; };
		EF623869200EFDD100D1B054 /* ChangeCityViewController.swift in Sources */ = {isa = PBXBuildFile; fileRef = EF623868200EFDD100D1B054 /* ChangeCityViewController.swift */; };
		EF6238A420104D6F00D1B054 /* Launch Screen.storyboard in Resources */ = {isa = PBXBuildFile; fileRef = EF6238A320104D6F00D1B054 /* Launch Screen.storyboard */; };
		F02127F6EFC8194B86E352B5 /* Pods_ClimaApp.framework in Frameworks */ = {isa = PBXBuildFile; fileRef = 22D81A445BF44920C2C909D8 /* Pods_ClimaApp.framework */; };
/* End PBXBuildFile section */

/* Begin PBXFileReference section */
		22D81A445BF44920C2C909D8 /* Pods_ClimaApp.framework */ = {isa = PBXFileReference; explicitFileType = wrapper.framework; includeInIndex = 0; path = Pods_ClimaApp.framework; sourceTree = BUILT_PRODUCTS_DIR; };
		87E2C0E0B8E08DF4783D8C1C /* Pods-ClimaApp.debug.xcconfig */ = {isa = PBXFileReference; includeInIndex = 1; lastKnownFileType = text.xcconfig; name = "Pods-ClimaApp.debug.xcconfig"; path = "Pods/Target Support Files/Pods-ClimaApp/Pods-ClimaApp.debug.xcconfig"; sourceTree = "<group>"; };
		EA131AC3797B8C0AB94257E6 /* Pods-ClimaApp.release.xcconfig */ = {isa = PBXFileReference; includeInIndex = 1; lastKnownFileType = text.xcconfig; name = "Pods-ClimaApp.release.xcconfig"; path = "Pods/Target Support Files/Pods-ClimaApp/Pods-ClimaApp.release.xcconfig"; sourceTree = "<group>"; };
		EF62384E200EFD3B00D1B054 /* ClimaApp.app */ = {isa = PBXFileReference; explicitFileType = wrapper.application; includeInIndex = 0; path = ClimaApp.app; sourceTree = BUILT_PRODUCTS_DIR; };
		EF623851200EFD3B00D1B054 /* AppDelegate.swift */ = {isa = PBXFileReference; lastKnownFileType = sourcecode.swift; path = AppDelegate.swift; sourceTree = "<group>"; };
		EF623853200EFD3B00D1B054 /* WeatherViewController.swift */ = {isa = PBXFileReference; lastKnownFileType = sourcecode.swift; path = WeatherViewController.swift; sourceTree = "<group>"; };
		EF623856200EFD3B00D1B054 /* Base */ = {isa = PBXFileReference; lastKnownFileType = file.storyboard; name = Base; path = Base.lproj/Main.storyboard; sourceTree = "<group>"; };
		EF623858200EFD3B00D1B054 /* Assets.xcassets */ = {isa = PBXFileReference; lastKnownFileType = folder.assetcatalog; path = Assets.xcassets; sourceTree = "<group>"; };
		EF62385D200EFD3B00D1B054 /* Info.plist */ = {isa = PBXFileReference; lastKnownFileType = text.plist.xml; path = Info.plist; sourceTree = "<group>"; };
		EF623866200EFD8600D1B054 /* WeatherDataModel.swift */ = {isa = PBXFileReference; lastKnownFileType = sourcecode.swift; path = WeatherDataModel.swift; sourceTree = "<group>"; };
		EF623868200EFDD100D1B054 /* ChangeCityViewController.swift */ = {isa = PBXFileReference; lastKnownFileType = sourcecode.swift; path = ChangeCityViewController.swift; sourceTree = "<group>"; };
		EF6238A320104D6F00D1B054 /* Launch Screen.storyboard */ = {isa = PBXFileReference; lastKnownFileType = file.storyboard; path = "Launch Screen.storyboard"; sourceTree = "<group>"; };
/* End PBXFileReference section */

/* Begin PBXFrameworksBuildPhase section */
		EF62384B200EFD3B00D1B054 /* Frameworks */ = {
			isa = PBXFrameworksBuildPhase;
			buildActionMask = 2147483647;
			files = (
				F02127F6EFC8194B86E352B5 /* Pods_ClimaApp.framework in Frameworks */,
			);
			runOnlyForDeploymentPostprocessing = 0;
		};
/* End PBXFrameworksBuildPhase section */

/* Begin PBXGroup section */
		00CB4CEBDD672865BC09518A /* Frameworks */ = {
			isa = PBXGroup;
			children = (
				22D81A445BF44920C2C909D8 /* Pods_ClimaApp.framework */,
			);
			name = Frameworks;
			sourceTree = "<group>";
		};
		09443D2CA938EC512B93F2AE /* Pods */ = {
			isa = PBXGroup;
			children = (
				87E2C0E0B8E08DF4783D8C1C /* Pods-ClimaApp.debug.xcconfig */,
				EA131AC3797B8C0AB94257E6 /* Pods-ClimaApp.release.xcconfig */,
			);
			name = Pods;
			sourceTree = "<group>";
		};
		EF623845200EFD3B00D1B054 = {
			isa = PBXGroup;
			children = (
				EF623850200EFD3B00D1B054 /* ClimaApp */,
				EF62384F200EFD3B00D1B054 /* Products */,
				09443D2CA938EC512B93F2AE /* Pods */,
				00CB4CEBDD672865BC09518A /* Frameworks */,
			);
			sourceTree = "<group>";
		};
		EF62384F200EFD3B00D1B054 /* Products */ = {
			isa = PBXGroup;
			children = (
				EF62384E200EFD3B00D1B054 /* ClimaApp.app */,
			);
			name = Products;
			sourceTree = "<group>";
		};
		EF623850200EFD3B00D1B054 /* ClimaApp */ = {
			isa = PBXGroup;
			children = (
				EF623858200EFD3B00D1B054 /* Assets.xcassets */,
				EF623864200EFD5F00D1B054 /* View */,
				EF623863200EFD4D00D1B054 /* Model */,
				EF623865200EFD6600D1B054 /* Controller */,
				EF62386A200EFDF200D1B054 /* Supporting Files */,
				EF6238A320104D6F00D1B054 /* Launch Screen.storyboard */,
			);
			path = ClimaApp;
			sourceTree = "<group>";
		};
		EF623863200EFD4D00D1B054 /* Model */ = {
			isa = PBXGroup;
			children = (
				EF623866200EFD8600D1B054 /* WeatherDataModel.swift */,
			);
			path = Model;
			sourceTree = "<group>";
		};
		EF623864200EFD5F00D1B054 /* View */ = {
			isa = PBXGroup;
			children = (
				EF623855200EFD3B00D1B054 /* Main.storyboard */,
			);
			path = View;
			sourceTree = "<group>";
		};
		EF623865200EFD6600D1B054 /* Controller */ = {
			isa = PBXGroup;
			children = (
				EF623853200EFD3B00D1B054 /* WeatherViewController.swift */,
				EF623868200EFDD100D1B054 /* ChangeCityViewController.swift */,
				EF623851200EFD3B00D1B054 /* AppDelegate.swift */,
			);
			path = Controller;
			sourceTree = "<group>";
		};
		EF62386A200EFDF200D1B054 /* Supporting Files */ = {
			isa = PBXGroup;
			children = (
				EF62385D200EFD3B00D1B054 /* Info.plist */,
			);
			path = "Supporting Files";
			sourceTree = "<group>";
		};
/* End PBXGroup section */

/* Begin PBXNativeTarget section */
		EF62384D200EFD3B00D1B054 /* ClimaApp */ = {
			isa = PBXNativeTarget;
			buildConfigurationList = EF623860200EFD3B00D1B054 /* Build configuration list for PBXNativeTarget "ClimaApp" */;
			buildPhases = (
				653D454C320F3FFE4EFAA2F6 /* [CP] Check Pods Manifest.lock */,
				EF62384A200EFD3B00D1B054 /* Sources */,
				EF62384B200EFD3B00D1B054 /* Frameworks */,
				EF62384C200EFD3B00D1B054 /* Resources */,
				19E47838BC6D1117F200B3BC /* [CP] Embed Pods Frameworks */,
				6BC21AAABBFDD9FFDBC1CC83 /* [CP] Copy Pods Resources */,
			);
			buildRules = (
			);
			dependencies = (
			);
			name = ClimaApp;
			productName = ClimaApp;
			productReference = EF62384E200EFD3B00D1B054 /* ClimaApp.app */;
			productType = "com.apple.product-type.application";
		};
/* End PBXNativeTarget section */

/* Begin PBXProject section */
		EF623846200EFD3B00D1B054 /* Project object */ = {
			isa = PBXProject;
			attributes = {
				LastSwiftUpdateCheck = 0920;
				LastUpgradeCheck = 0920;
				ORGANIZATIONNAME = "Jimit Shah";
				TargetAttributes = {
					EF62384D200EFD3B00D1B054 = {
						CreatedOnToolsVersion = 9.2;
						ProvisioningStyle = Automatic;
					};
				};
			};
			buildConfigurationList = EF623849200EFD3B00D1B054 /* Build configuration list for PBXProject "ClimaApp" */;
			compatibilityVersion = "Xcode 8.0";
			developmentRegion = en;
			hasScannedForEncodings = 0;
			knownRegions = (
				en,
				Base,
			);
			mainGroup = EF623845200EFD3B00D1B054;
			productRefGroup = EF62384F200EFD3B00D1B054 /* Products */;
			projectDirPath = "";
			projectRoot = "";
			targets = (
				EF62384D200EFD3B00D1B054 /* ClimaApp */,
			);
		};
/* End PBXProject section */

/* Begin PBXResourcesBuildPhase section */
		EF62384C200EFD3B00D1B054 /* Resources */ = {
			isa = PBXResourcesBuildPhase;
			buildActionMask = 2147483647;
			files = (
				EF6238A420104D6F00D1B054 /* Launch Screen.storyboard in Resources */,
				EF623859200EFD3B00D1B054 /* Assets.xcassets in Resources */,
				EF623857200EFD3B00D1B054 /* Main.storyboard in Resources */,
			);
			runOnlyForDeploymentPostprocessing = 0;
		};
/* End PBXResourcesBuildPhase section */

/* Begin PBXShellScriptBuildPhase section */
		19E47838BC6D1117F200B3BC /* [CP] Embed Pods Frameworks */ = {
			isa = PBXShellScriptBuildPhase;
			buildActionMask = 2147483647;
			files = (
			);
			inputPaths = (
				"${SRCROOT}/Pods/Target Support Files/Pods-ClimaApp/Pods-ClimaApp-frameworks.sh",
				"${BUILT_PRODUCTS_DIR}/Alamofire/Alamofire.framework",
				"${BUILT_PRODUCTS_DIR}/SVProgressHUD/SVProgressHUD.framework",
				"${BUILT_PRODUCTS_DIR}/SwiftyJSON/SwiftyJSON.framework",
			);
			name = "[CP] Embed Pods Frameworks";
			outputPaths = (
				"${TARGET_BUILD_DIR}/${FRAMEWORKS_FOLDER_PATH}/Alamofire.framework",
				"${TARGET_BUILD_DIR}/${FRAMEWORKS_FOLDER_PATH}/SVProgressHUD.framework",
				"${TARGET_BUILD_DIR}/${FRAMEWORKS_FOLDER_PATH}/SwiftyJSON.framework",
			);
			runOnlyForDeploymentPostprocessing = 0;
			shellPath = /bin/sh;
			shellScript = "\"${SRCROOT}/Pods/Target Support Files/Pods-ClimaApp/Pods-ClimaApp-frameworks.sh\"\n";
			showEnvVarsInLog = 0;
		};
		653D454C320F3FFE4EFAA2F6 /* [CP] Check Pods Manifest.lock */ = {
			isa = PBXShellScriptBuildPhase;
			buildActionMask = 2147483647;
			files = (
			);
			inputPaths = (
				"${PODS_PODFILE_DIR_PATH}/Podfile.lock",
				"${PODS_ROOT}/Manifest.lock",
			);
			name = "[CP] Check Pods Manifest.lock";
			outputPaths = (
				"$(DERIVED_FILE_DIR)/Pods-ClimaApp-checkManifestLockResult.txt",
			);
			runOnlyForDeploymentPostprocessing = 0;
			shellPath = /bin/sh;
			shellScript = "diff \"${PODS_PODFILE_DIR_PATH}/Podfile.lock\" \"${PODS_ROOT}/Manifest.lock\" > /dev/null\nif [ $? != 0 ] ; then\n    # print error to STDERR\n    echo \"error: The sandbox is not in sync with the Podfile.lock. Run 'pod install' or update your CocoaPods installation.\" >&2\n    exit 1\nfi\n# This output is used by Xcode 'outputs' to avoid re-running this script phase.\necho \"SUCCESS\" > \"${SCRIPT_OUTPUT_FILE_0}\"\n";
			showEnvVarsInLog = 0;
		};
		6BC21AAABBFDD9FFDBC1CC83 /* [CP] Copy Pods Resources */ = {
			isa = PBXShellScriptBuildPhase;
			buildActionMask = 2147483647;
			files = (
			);
			inputPaths = (
			);
			name = "[CP] Copy Pods Resources";
			outputPaths = (
			);
			runOnlyForDeploymentPostprocessing = 0;
			shellPath = /bin/sh;
			shellScript = "\"${SRCROOT}/Pods/Target Support Files/Pods-ClimaApp/Pods-ClimaApp-resources.sh\"\n";
			showEnvVarsInLog = 0;
		};
/* End PBXShellScriptBuildPhase section */

/* Begin PBXSourcesBuildPhase section */
		EF62384A200EFD3B00D1B054 /* Sources */ = {
			isa = PBXSourcesBuildPhase;
			buildActionMask = 2147483647;
			files = (
				EF623854200EFD3B00D1B054 /* WeatherViewController.swift in Sources */,
				EF623852200EFD3B00D1B054 /* AppDelegate.swift in Sources */,
				EF623867200EFD8600D1B054 /* WeatherDataModel.swift in Sources */,
				EF623869200EFDD100D1B054 /* ChangeCityViewController.swift in Sources */,
			);
			runOnlyForDeploymentPostprocessing = 0;
		};
/* End PBXSourcesBuildPhase section */

/* Begin PBXVariantGroup section */
		EF623855200EFD3B00D1B054 /* Main.storyboard */ = {
			isa = PBXVariantGroup;
			children = (
				EF623856200EFD3B00D1B054 /* Base */,
			);
			name = Main.storyboard;
			sourceTree = "<group>";
		};
/* End PBXVariantGroup section */

/* Begin XCBuildConfiguration section */
		EF62385E200EFD3B00D1B054 /* Debug */ = {
			isa = XCBuildConfiguration;
			buildSettings = {
				ALWAYS_SEARCH_USER_PATHS = NO;
				CLANG_ANALYZER_NONNULL = YES;
				CLANG_ANALYZER_NUMBER_OBJECT_CONVERSION = YES_AGGRESSIVE;
				CLANG_CXX_LANGUAGE_STANDARD = "gnu++14";
				CLANG_CXX_LIBRARY = "libc++";
				CLANG_ENABLE_MODULES = YES;
				CLANG_ENABLE_OBJC_ARC = YES;
				CLANG_WARN_BLOCK_CAPTURE_AUTORELEASING = YES;
				CLANG_WARN_BOOL_CONVERSION = YES;
				CLANG_WARN_COMMA = YES;
				CLANG_WARN_CONSTANT_CONVERSION = YES;
				CLANG_WARN_DIRECT_OBJC_ISA_USAGE = YES_ERROR;
				CLANG_WARN_DOCUMENTATION_COMMENTS = YES;
				CLANG_WARN_EMPTY_BODY = YES;
				CLANG_WARN_ENUM_CONVERSION = YES;
				CLANG_WARN_INFINITE_RECURSION = YES;
				CLANG_WARN_INT_CONVERSION = YES;
				CLANG_WARN_NON_LITERAL_NULL_CONVERSION = YES;
				CLANG_WARN_OBJC_LITERAL_CONVERSION = YES;
				CLANG_WARN_OBJC_ROOT_CLASS = YES_ERROR;
				CLANG_WARN_RANGE_LOOP_ANALYSIS = YES;
				CLANG_WARN_STRICT_PROTOTYPES = YES;
				CLANG_WARN_SUSPICIOUS_MOVE = YES;
				CLANG_WARN_UNGUARDED_AVAILABILITY = YES_AGGRESSIVE;
				CLANG_WARN_UNREACHABLE_CODE = YES;
				CLANG_WARN__DUPLICATE_METHOD_MATCH = YES;
				CODE_SIGN_IDENTITY = "iPhone Developer";
				COPY_PHASE_STRIP = NO;
				DEBUG_INFORMATION_FORMAT = dwarf;
				ENABLE_STRICT_OBJC_MSGSEND = YES;
				ENABLE_TESTABILITY = YES;
				GCC_C_LANGUAGE_STANDARD = gnu11;
				GCC_DYNAMIC_NO_PIC = NO;
				GCC_NO_COMMON_BLOCKS = YES;
				GCC_OPTIMIZATION_LEVEL = 0;
				GCC_PREPROCESSOR_DEFINITIONS = (
					"DEBUG=1",
					"$(inherited)",
				);
				GCC_WARN_64_TO_32_BIT_CONVERSION = YES;
				GCC_WARN_ABOUT_RETURN_TYPE = YES_ERROR;
				GCC_WARN_UNDECLARED_SELECTOR = YES;
				GCC_WARN_UNINITIALIZED_AUTOS = YES_AGGRESSIVE;
				GCC_WARN_UNUSED_FUNCTION = YES;
				GCC_WARN_UNUSED_VARIABLE = YES;
				IPHONEOS_DEPLOYMENT_TARGET = 11.2;
				MTL_ENABLE_DEBUG_INFO = YES;
				ONLY_ACTIVE_ARCH = YES;
				SDKROOT = iphoneos;
				SWIFT_ACTIVE_COMPILATION_CONDITIONS = DEBUG;
				SWIFT_OPTIMIZATION_LEVEL = "-Onone";
			};
			name = Debug;
		};
		EF62385F200EFD3B00D1B054 /* Release */ = {
			isa = XCBuildConfiguration;
			buildSettings = {
				ALWAYS_SEARCH_USER_PATHS = NO;
				CLANG_ANALYZER_NONNULL = YES;
				CLANG_ANALYZER_NUMBER_OBJECT_CONVERSION = YES_AGGRESSIVE;
				CLANG_CXX_LANGUAGE_STANDARD = "gnu++14";
				CLANG_CXX_LIBRARY = "libc++";
				CLANG_ENABLE_MODULES = YES;
				CLANG_ENABLE_OBJC_ARC = YES;
				CLANG_WARN_BLOCK_CAPTURE_AUTORELEASING = YES;
				CLANG_WARN_BOOL_CONVERSION = YES;
				CLANG_WARN_COMMA = YES;
				CLANG_WARN_CONSTANT_CONVERSION = YES;
				CLANG_WARN_DIRECT_OBJC_ISA_USAGE = YES_ERROR;
				CLANG_WARN_DOCUMENTATION_COMMENTS = YES;
				CLANG_WARN_EMPTY_BODY = YES;
				CLANG_WARN_ENUM_CONVERSION = YES;
				CLANG_WARN_INFINITE_RECURSION = YES;
				CLANG_WARN_INT_CONVERSION = YES;
				CLANG_WARN_NON_LITERAL_NULL_CONVERSION = YES;
				CLANG_WARN_OBJC_LITERAL_CONVERSION = YES;
				CLANG_WARN_OBJC_ROOT_CLASS = YES_ERROR;
				CLANG_WARN_RANGE_LOOP_ANALYSIS = YES;
				CLANG_WARN_STRICT_PROTOTYPES = YES;
				CLANG_WARN_SUSPICIOUS_MOVE = YES;
				CLANG_WARN_UNGUARDED_AVAILABILITY = YES_AGGRESSIVE;
				CLANG_WARN_UNREACHABLE_CODE = YES;
				CLANG_WARN__DUPLICATE_METHOD_MATCH = YES;
				CODE_SIGN_IDENTITY = "iPhone Developer";
				COPY_PHASE_STRIP = NO;
				DEBUG_INFORMATION_FORMAT = "dwarf-with-dsym";
				ENABLE_NS_ASSERTIONS = NO;
				ENABLE_STRICT_OBJC_MSGSEND = YES;
				GCC_C_LANGUAGE_STANDARD = gnu11;
				GCC_NO_COMMON_BLOCKS = YES;
				GCC_WARN_64_TO_32_BIT_CONVERSION = YES;
				GCC_WARN_ABOUT_RETURN_TYPE = YES_ERROR;
				GCC_WARN_UNDECLARED_SELECTOR = YES;
				GCC_WARN_UNINITIALIZED_AUTOS = YES_AGGRESSIVE;
				GCC_WARN_UNUSED_FUNCTION = YES;
				GCC_WARN_UNUSED_VARIABLE = YES;
				IPHONEOS_DEPLOYMENT_TARGET = 11.2;
				MTL_ENABLE_DEBUG_INFO = NO;
				SDKROOT = iphoneos;
				SWIFT_OPTIMIZATION_LEVEL = "-Owholemodule";
				VALIDATE_PRODUCT = YES;
			};
			name = Release;
		};
		EF623861200EFD3B00D1B054 /* Debug */ = {
			isa = XCBuildConfiguration;
			baseConfigurationReference = 87E2C0E0B8E08DF4783D8C1C /* Pods-ClimaApp.debug.xcconfig */;
			buildSettings = {
				ASSETCATALOG_COMPILER_APPICON_NAME = AppIcon;
				CODE_SIGN_STYLE = Automatic;
				DEVELOPMENT_TEAM = R98NQ2F62J;
				INFOPLIST_FILE = "$(SRCROOT)/ClimaApp/Supporting Files/Info.plist";
				LD_RUNPATH_SEARCH_PATHS = "$(inherited) @executable_path/Frameworks";
				PRODUCT_BUNDLE_IDENTIFIER = com.jimitshah.ClimaApp;
				PRODUCT_NAME = "$(TARGET_NAME)";
				SWIFT_VERSION = 4.0;
				TARGETED_DEVICE_FAMILY = 1;
			};
			name = Debug;
		};
		EF623862200EFD3B00D1B054 /* Release */ = {
			isa = XCBuildConfiguration;
			baseConfigurationReference = EA131AC3797B8C0AB94257E6 /* Pods-ClimaApp.release.xcconfig */;
			buildSettings = {
				ASSETCATALOG_COMPILER_APPICON_NAME = AppIcon;
				CODE_SIGN_STYLE = Automatic;
				DEVELOPMENT_TEAM = R98NQ2F62J;
				INFOPLIST_FILE = "$(SRCROOT)/ClimaApp/Supporting Files/Info.plist";
				LD_RUNPATH_SEARCH_PATHS = "$(inherited) @executable_path/Frameworks";
				PRODUCT_BUNDLE_IDENTIFIER = com.jimitshah.ClimaApp;
				PRODUCT_NAME = "$(TARGET_NAME)";
				SWIFT_VERSION = 4.0;
				TARGETED_DEVICE_FAMILY = 1;
			};
			name = Release;
		};
/* End XCBuildConfiguration section */

/* Begin XCConfigurationList section */
		EF623849200EFD3B00D1B054 /* Build configuration list for PBXProject "ClimaApp" */ = {
			isa = XCConfigurationList;
			buildConfigurations = (
				EF62385E200EFD3B00D1B054 /* Debug */,
				EF62385F200EFD3B00D1B054 /* Release */,
			);
			defaultConfigurationIsVisible = 0;
			defaultConfigurationName = Release;
		};
		EF623860200EFD3B00D1B054 /* Build configuration list for PBXNativeTarget "ClimaApp" */ = {
			isa = XCConfigurationList;
			buildConfigurations = (
				EF623861200EFD3B00D1B054 /* Debug */,
				EF623862200EFD3B00D1B054 /* Release */,
			);
			defaultConfigurationIsVisible = 0;
			defaultConfigurationName = Release;
		};
/* End XCConfigurationList section */
	};
	rootObject = EF623846200EFD3B00D1B054 /* Project object */;
}
